// !$*UTF8*$!
{
	archiveVersion = 1;
	classes = {
	};
	objectVersion = 46;
	objects = {

/* Begin PBXBuildFile section */
		FA2E5EC616A7F519000D59D8 /* RSocialSinaWeiboAuth.m in Sources */ = {isa = PBXBuildFile; fileRef = FA2E5EC516A7F519000D59D8 /* RSocialSinaWeiboAuth.m */; };
		FA2E5ECD16A80590000D59D8 /* RSocialRenrenAuth.m in Sources */ = {isa = PBXBuildFile; fileRef = FA2E5ECC16A80590000D59D8 /* RSocialRenrenAuth.m */; };
		FA64523916A84030005A4B39 /* MBProgressHUD.m in Sources */ = {isa = PBXBuildFile; fileRef = FA64523816A84030005A4B39 /* MBProgressHUD.m */; };
		FA64523E16A84040005A4B39 /* NSNumber+URLCoding.m in Sources */ = {isa = PBXBuildFile; fileRef = FA64523B16A84040005A4B39 /* NSNumber+URLCoding.m */; };
		FA64523F16A84040005A4B39 /* NSString+URLCoding.m in Sources */ = {isa = PBXBuildFile; fileRef = FA64523D16A84040005A4B39 /* NSString+URLCoding.m */; };
		FA64524216A8404C005A4B39 /* RHTTPRequest.m in Sources */ = {isa = PBXBuildFile; fileRef = FA64524116A8404C005A4B39 /* RHTTPRequest.m */; };
		FA64524916A91D48005A4B39 /* RSocialTencentWeiboAuth.m in Sources */ = {isa = PBXBuildFile; fileRef = FA64524816A91D48005A4B39 /* RSocialTencentWeiboAuth.m */; };
		FAAFB8EC16A6E6440021AB6D /* UIKit.framework in Frameworks */ = {isa = PBXBuildFile; fileRef = FAAFB8EB16A6E6440021AB6D /* UIKit.framework */; };
		FAAFB8EE16A6E6440021AB6D /* Foundation.framework in Frameworks */ = {isa = PBXBuildFile; fileRef = FAAFB8ED16A6E6440021AB6D /* Foundation.framework */; };
		FAAFB8F016A6E6440021AB6D /* CoreGraphics.framework in Frameworks */ = {isa = PBXBuildFile; fileRef = FAAFB8EF16A6E6440021AB6D /* CoreGraphics.framework */; };
		FAAFB8F616A6E6440021AB6D /* InfoPlist.strings in Resources */ = {isa = PBXBuildFile; fileRef = FAAFB8F416A6E6440021AB6D /* InfoPlist.strings */; };
		FAAFB8F816A6E6440021AB6D /* main.m in Sources */ = {isa = PBXBuildFile; fileRef = FAAFB8F716A6E6440021AB6D /* main.m */; };
		FAAFB8FC16A6E6440021AB6D /* AppDelegate.m in Sources */ = {isa = PBXBuildFile; fileRef = FAAFB8FB16A6E6440021AB6D /* AppDelegate.m */; };
		FAAFB8FE16A6E6440021AB6D /* Default.png in Resources */ = {isa = PBXBuildFile; fileRef = FAAFB8FD16A6E6440021AB6D /* Default.png */; };
		FAAFB90016A6E6440021AB6D /* Default@2x.png in Resources */ = {isa = PBXBuildFile; fileRef = FAAFB8FF16A6E6440021AB6D /* Default@2x.png */; };
		FAAFB90216A6E6440021AB6D /* Default-568h@2x.png in Resources */ = {isa = PBXBuildFile; fileRef = FAAFB90116A6E6440021AB6D /* Default-568h@2x.png */; };
		FAAFB90516A6E6440021AB6D /* ViewController.m in Sources */ = {isa = PBXBuildFile; fileRef = FAAFB90416A6E6440021AB6D /* ViewController.m */; };
		FAAFB90816A6E6440021AB6D /* ViewController_iPhone.xib in Resources */ = {isa = PBXBuildFile; fileRef = FAAFB90616A6E6440021AB6D /* ViewController_iPhone.xib */; };
		FAAFB90B16A6E6440021AB6D /* ViewController_iPad.xib in Resources */ = {isa = PBXBuildFile; fileRef = FAAFB90916A6E6440021AB6D /* ViewController_iPad.xib */; };
		FAAFB92416A6E7AD0021AB6D /* RSocialDoubanAuth.m in Sources */ = {isa = PBXBuildFile; fileRef = FAAFB92316A6E7AD0021AB6D /* RSocialDoubanAuth.m */; };
		FAAFB92716A6F28E0021AB6D /* RSocialAuthWebViewController.m in Sources */ = {isa = PBXBuildFile; fileRef = FAAFB92616A6F28E0021AB6D /* RSocialAuthWebViewController.m */; };
		FAAFBA1A16A7E2390021AB6D /* RSocialOAuth.m in Sources */ = {isa = PBXBuildFile; fileRef = FAAFBA1916A7E2390021AB6D /* RSocialOAuth.m */; };
/* End PBXBuildFile section */

/* Begin PBXFileReference section */
		FA2E5EC416A7F519000D59D8 /* RSocialSinaWeiboAuth.h */ = {isa = PBXFileReference; fileEncoding = 4; lastKnownFileType = sourcecode.c.h; path = RSocialSinaWeiboAuth.h; sourceTree = "<group>"; };
		FA2E5EC516A7F519000D59D8 /* RSocialSinaWeiboAuth.m */ = {isa = PBXFileReference; fileEncoding = 4; lastKnownFileType = sourcecode.c.objc; path = RSocialSinaWeiboAuth.m; sourceTree = "<group>"; };
		FA2E5ECB16A80590000D59D8 /* RSocialRenrenAuth.h */ = {isa = PBXFileReference; fileEncoding = 4; lastKnownFileType = sourcecode.c.h; path = RSocialRenrenAuth.h; sourceTree = "<group>"; };
		FA2E5ECC16A80590000D59D8 /* RSocialRenrenAuth.m */ = {isa = PBXFileReference; fileEncoding = 4; lastKnownFileType = sourcecode.c.objc; path = RSocialRenrenAuth.m; sourceTree = "<group>"; };
		FA64523716A84030005A4B39 /* MBProgressHUD.h */ = {isa = PBXFileReference; fileEncoding = 4; lastKnownFileType = sourcecode.c.h; name = MBProgressHUD.h; path = Frameworks/MBProgressHUD/MBProgressHUD.h; sourceTree = "<group>"; };
		FA64523816A84030005A4B39 /* MBProgressHUD.m */ = {isa = PBXFileReference; fileEncoding = 4; lastKnownFileType = sourcecode.c.objc; name = MBProgressHUD.m; path = Frameworks/MBProgressHUD/MBProgressHUD.m; sourceTree = "<group>"; };
		FA64523A16A84040005A4B39 /* NSNumber+URLCoding.h */ = {isa = PBXFileReference; fileEncoding = 4; lastKnownFileType = sourcecode.c.h; name = "NSNumber+URLCoding.h"; path = "Frameworks/RFoundation/Category/NSNumber+URLCoding.h"; sourceTree = "<group>"; };
		FA64523B16A84040005A4B39 /* NSNumber+URLCoding.m */ = {isa = PBXFileReference; fileEncoding = 4; lastKnownFileType = sourcecode.c.objc; name = "NSNumber+URLCoding.m"; path = "Frameworks/RFoundation/Category/NSNumber+URLCoding.m"; sourceTree = "<group>"; };
		FA64523C16A84040005A4B39 /* NSString+URLCoding.h */ = {isa = PBXFileReference; fileEncoding = 4; lastKnownFileType = sourcecode.c.h; name = "NSString+URLCoding.h"; path = "Frameworks/RFoundation/Category/NSString+URLCoding.h"; sourceTree = "<group>"; };
		FA64523D16A84040005A4B39 /* NSString+URLCoding.m */ = {isa = PBXFileReference; fileEncoding = 4; lastKnownFileType = sourcecode.c.objc; name = "NSString+URLCoding.m"; path = "Frameworks/RFoundation/Category/NSString+URLCoding.m"; sourceTree = "<group>"; };
		FA64524016A8404C005A4B39 /* RHTTPRequest.h */ = {isa = PBXFileReference; fileEncoding = 4; lastKnownFileType = sourcecode.c.h; name = RHTTPRequest.h; path = Frameworks/RFoundation/RHTTPRequest/RHTTPRequest.h; sourceTree = "<group>"; };
		FA64524116A8404C005A4B39 /* RHTTPRequest.m */ = {isa = PBXFileReference; fileEncoding = 4; lastKnownFileType = sourcecode.c.objc; name = RHTTPRequest.m; path = Frameworks/RFoundation/RHTTPRequest/RHTTPRequest.m; sourceTree = "<group>"; };
		FA64524716A91D48005A4B39 /* RSocialTencentWeiboAuth.h */ = {isa = PBXFileReference; fileEncoding = 4; lastKnownFileType = sourcecode.c.h; path = RSocialTencentWeiboAuth.h; sourceTree = "<group>"; };
		FA64524816A91D48005A4B39 /* RSocialTencentWeiboAuth.m */ = {isa = PBXFileReference; fileEncoding = 4; lastKnownFileType = sourcecode.c.objc; path = RSocialTencentWeiboAuth.m; sourceTree = "<group>"; };
		FAAFB8E716A6E6440021AB6D /* RSocialDemo.app */ = {isa = PBXFileReference; explicitFileType = wrapper.application; includeInIndex = 0; path = RSocialDemo.app; sourceTree = BUILT_PRODUCTS_DIR; };
		FAAFB8EB16A6E6440021AB6D /* UIKit.framework */ = {isa = PBXFileReference; lastKnownFileType = wrapper.framework; name = UIKit.framework; path = System/Library/Frameworks/UIKit.framework; sourceTree = SDKROOT; };
		FAAFB8ED16A6E6440021AB6D /* Foundation.framework */ = {isa = PBXFileReference; lastKnownFileType = wrapper.framework; name = Foundation.framework; path = System/Library/Frameworks/Foundation.framework; sourceTree = SDKROOT; };
		FAAFB8EF16A6E6440021AB6D /* CoreGraphics.framework */ = {isa = PBXFileReference; lastKnownFileType = wrapper.framework; name = CoreGraphics.framework; path = System/Library/Frameworks/CoreGraphics.framework; sourceTree = SDKROOT; };
		FAAFB8F316A6E6440021AB6D /* RSocialDemo-Info.plist */ = {isa = PBXFileReference; lastKnownFileType = text.plist.xml; path = "RSocialDemo-Info.plist"; sourceTree = "<group>"; };
		FAAFB8F516A6E6440021AB6D /* en */ = {isa = PBXFileReference; lastKnownFileType = text.plist.strings; name = en; path = en.lproj/InfoPlist.strings; sourceTree = "<group>"; };
		FAAFB8F716A6E6440021AB6D /* main.m */ = {isa = PBXFileReference; lastKnownFileType = sourcecode.c.objc; path = main.m; sourceTree = "<group>"; };
		FAAFB8F916A6E6440021AB6D /* RSocialDemo-Prefix.pch */ = {isa = PBXFileReference; lastKnownFileType = sourcecode.c.h; path = "RSocialDemo-Prefix.pch"; sourceTree = "<group>"; };
		FAAFB8FA16A6E6440021AB6D /* AppDelegate.h */ = {isa = PBXFileReference; lastKnownFileType = sourcecode.c.h; path = AppDelegate.h; sourceTree = "<group>"; };
		FAAFB8FB16A6E6440021AB6D /* AppDelegate.m */ = {isa = PBXFileReference; lastKnownFileType = sourcecode.c.objc; path = AppDelegate.m; sourceTree = "<group>"; };
		FAAFB8FD16A6E6440021AB6D /* Default.png */ = {isa = PBXFileReference; lastKnownFileType = image.png; path = Default.png; sourceTree = "<group>"; };
		FAAFB8FF16A6E6440021AB6D /* Default@2x.png */ = {isa = PBXFileReference; lastKnownFileType = image.png; path = "Default@2x.png"; sourceTree = "<group>"; };
		FAAFB90116A6E6440021AB6D /* Default-568h@2x.png */ = {isa = PBXFileReference; lastKnownFileType = image.png; path = "Default-568h@2x.png"; sourceTree = "<group>"; };
		FAAFB90316A6E6440021AB6D /* ViewController.h */ = {isa = PBXFileReference; lastKnownFileType = sourcecode.c.h; path = ViewController.h; sourceTree = "<group>"; };
		FAAFB90416A6E6440021AB6D /* ViewController.m */ = {isa = PBXFileReference; lastKnownFileType = sourcecode.c.objc; path = ViewController.m; sourceTree = "<group>"; };
		FAAFB90716A6E6440021AB6D /* en */ = {isa = PBXFileReference; lastKnownFileType = file.xib; name = en; path = en.lproj/ViewController_iPhone.xib; sourceTree = "<group>"; };
		FAAFB90A16A6E6440021AB6D /* en */ = {isa = PBXFileReference; lastKnownFileType = file.xib; name = en; path = en.lproj/ViewController_iPad.xib; sourceTree = "<group>"; };
		FAAFB92216A6E7AD0021AB6D /* RSocialDoubanAuth.h */ = {isa = PBXFileReference; fileEncoding = 4; lastKnownFileType = sourcecode.c.h; path = RSocialDoubanAuth.h; sourceTree = "<group>"; };
		FAAFB92316A6E7AD0021AB6D /* RSocialDoubanAuth.m */ = {isa = PBXFileReference; fileEncoding = 4; lastKnownFileType = sourcecode.c.objc; path = RSocialDoubanAuth.m; sourceTree = "<group>"; };
		FAAFB92516A6F28E0021AB6D /* RSocialAuthWebViewController.h */ = {isa = PBXFileReference; fileEncoding = 4; lastKnownFileType = sourcecode.c.h; path = RSocialAuthWebViewController.h; sourceTree = "<group>"; };
		FAAFB92616A6F28E0021AB6D /* RSocialAuthWebViewController.m */ = {isa = PBXFileReference; fileEncoding = 4; lastKnownFileType = sourcecode.c.objc; path = RSocialAuthWebViewController.m; sourceTree = "<group>"; };
		FAAFBA1816A7E2380021AB6D /* RSocialOAuth.h */ = {isa = PBXFileReference; fileEncoding = 4; lastKnownFileType = sourcecode.c.h; path = RSocialOAuth.h; sourceTree = "<group>"; };
		FAAFBA1916A7E2390021AB6D /* RSocialOAuth.m */ = {isa = PBXFileReference; fileEncoding = 4; lastKnownFileType = sourcecode.c.objc; path = RSocialOAuth.m; sourceTree = "<group>"; };
/* End PBXFileReference section */

/* Begin PBXFrameworksBuildPhase section */
		FAAFB8E416A6E6440021AB6D /* Frameworks */ = {
			isa = PBXFrameworksBuildPhase;
			buildActionMask = 2147483647;
			files = (
				FAAFB8EC16A6E6440021AB6D /* UIKit.framework in Frameworks */,
				FAAFB8EE16A6E6440021AB6D /* Foundation.framework in Frameworks */,
				FAAFB8F016A6E6440021AB6D /* CoreGraphics.framework in Frameworks */,
			);
			runOnlyForDeploymentPostprocessing = 0;
		};
/* End PBXFrameworksBuildPhase section */

/* Begin PBXGroup section */
		FA2E5EC116A7F461000D59D8 /* Services */ = {
			isa = PBXGroup;
			children = (
				FAAFB92216A6E7AD0021AB6D /* RSocialDoubanAuth.h */,
				FAAFB92316A6E7AD0021AB6D /* RSocialDoubanAuth.m */,
				FA2E5EC416A7F519000D59D8 /* RSocialSinaWeiboAuth.h */,
				FA2E5EC516A7F519000D59D8 /* RSocialSinaWeiboAuth.m */,
				FA2E5ECB16A80590000D59D8 /* RSocialRenrenAuth.h */,
				FA2E5ECC16A80590000D59D8 /* RSocialRenrenAuth.m */,
				FA64524716A91D48005A4B39 /* RSocialTencentWeiboAuth.h */,
				FA64524816A91D48005A4B39 /* RSocialTencentWeiboAuth.m */,
			);
			name = Services;
			sourceTree = "<group>";
		};
		FA2E5EC216A7F468000D59D8 /* Core */ = {
			isa = PBXGroup;
			children = (
				FAAFBA1816A7E2380021AB6D /* RSocialOAuth.h */,
				FAAFBA1916A7E2390021AB6D /* RSocialOAuth.m */,
			);
			name = Core;
			sourceTree = "<group>";
		};
		FA2E5EC316A7F46F000D59D8 /* UI */ = {
			isa = PBXGroup;
			children = (
				FAAFB92516A6F28E0021AB6D /* RSocialAuthWebViewController.h */,
				FAAFB92616A6F28E0021AB6D /* RSocialAuthWebViewController.m */,
			);
			name = UI;
			sourceTree = "<group>";
		};
		FAAFB8DC16A6E6440021AB6D = {
			isa = PBXGroup;
			children = (
				FAAFB8F116A6E6440021AB6D /* RSocialDemo */,
				FAAFB8EA16A6E6440021AB6D /* Frameworks */,
				FAAFB8E816A6E6440021AB6D /* Products */,
			);
			sourceTree = "<group>";
		};
		FAAFB8E816A6E6440021AB6D /* Products */ = {
			isa = PBXGroup;
			children = (
				FAAFB8E716A6E6440021AB6D /* RSocialDemo.app */,
			);
			name = Products;
			sourceTree = "<group>";
		};
		FAAFB8EA16A6E6440021AB6D /* Frameworks */ = {
			isa = PBXGroup;
			children = (
				FAAFB91216A6E65F0021AB6D /* RFoundation */,
				FAAFB91E16A6E7290021AB6D /* MBProgressHUD */,
				FAAFB8EB16A6E6440021AB6D /* UIKit.framework */,
				FAAFB8ED16A6E6440021AB6D /* Foundation.framework */,
				FAAFB8EF16A6E6440021AB6D /* CoreGraphics.framework */,
			);
			name = Frameworks;
			sourceTree = "<group>";
		};
		FAAFB8F116A6E6440021AB6D /* RSocialDemo */ = {
			isa = PBXGroup;
			children = (
				FAAFB91116A6E6520021AB6D /* RSocial */,
				FAAFB8FA16A6E6440021AB6D /* AppDelegate.h */,
				FAAFB8FB16A6E6440021AB6D /* AppDelegate.m */,
				FAAFB90316A6E6440021AB6D /* ViewController.h */,
				FAAFB90416A6E6440021AB6D /* ViewController.m */,
				FAAFB90616A6E6440021AB6D /* ViewController_iPhone.xib */,
				FAAFB90916A6E6440021AB6D /* ViewController_iPad.xib */,
				FAAFB8F216A6E6440021AB6D /* Supporting Files */,
			);
			path = RSocialDemo;
			sourceTree = "<group>";
		};
		FAAFB8F216A6E6440021AB6D /* Supporting Files */ = {
			isa = PBXGroup;
			children = (
				FAAFB8F316A6E6440021AB6D /* RSocialDemo-Info.plist */,
				FAAFB8F416A6E6440021AB6D /* InfoPlist.strings */,
				FAAFB8F716A6E6440021AB6D /* main.m */,
				FAAFB8F916A6E6440021AB6D /* RSocialDemo-Prefix.pch */,
				FAAFB8FD16A6E6440021AB6D /* Default.png */,
				FAAFB8FF16A6E6440021AB6D /* Default@2x.png */,
				FAAFB90116A6E6440021AB6D /* Default-568h@2x.png */,
			);
			name = "Supporting Files";
			sourceTree = "<group>";
		};
		FAAFB91116A6E6520021AB6D /* RSocial */ = {
			isa = PBXGroup;
			children = (
				FA2E5EC216A7F468000D59D8 /* Core */,
				FA2E5EC316A7F46F000D59D8 /* UI */,
				FA2E5EC116A7F461000D59D8 /* Services */,
			);
			name = RSocial;
			sourceTree = "<group>";
		};
		FAAFB91216A6E65F0021AB6D /* RFoundation */ = {
			isa = PBXGroup;
			children = (
				FAAFB91316A6E6DD0021AB6D /* Category */,
				FAAFB91A16A6E6EA0021AB6D /* RHTTPRequest */,
			);
			name = RFoundation;
			sourceTree = "<group>";
		};
		FAAFB91316A6E6DD0021AB6D /* Category */ = {
			isa = PBXGroup;
			children = (
				FA64523A16A84040005A4B39 /* NSNumber+URLCoding.h */,
				FA64523B16A84040005A4B39 /* NSNumber+URLCoding.m */,
				FA64523C16A84040005A4B39 /* NSString+URLCoding.h */,
				FA64523D16A84040005A4B39 /* NSString+URLCoding.m */,
			);
			name = Category;
			sourceTree = "<group>";
		};
		FAAFB91A16A6E6EA0021AB6D /* RHTTPRequest */ = {
			isa = PBXGroup;
			children = (
				FA64524016A8404C005A4B39 /* RHTTPRequest.h */,
				FA64524116A8404C005A4B39 /* RHTTPRequest.m */,
			);
			name = RHTTPRequest;
			sourceTree = "<group>";
		};
		FAAFB91E16A6E7290021AB6D /* MBProgressHUD */ = {
			isa = PBXGroup;
			children = (
				FA64523716A84030005A4B39 /* MBProgressHUD.h */,
				FA64523816A84030005A4B39 /* MBProgressHUD.m */,
			);
			name = MBProgressHUD;
			sourceTree = "<group>";
		};
/* End PBXGroup section */

/* Begin PBXNativeTarget section */
		FAAFB8E616A6E6440021AB6D /* RSocialDemo */ = {
			isa = PBXNativeTarget;
			buildConfigurationList = FAAFB90E16A6E6440021AB6D /* Build configuration list for PBXNativeTarget "RSocialDemo" */;
			buildPhases = (
				FAAFB8E316A6E6440021AB6D /* Sources */,
				FAAFB8E416A6E6440021AB6D /* Frameworks */,
				FAAFB8E516A6E6440021AB6D /* Resources */,
			);
			buildRules = (
			);
			dependencies = (
			);
			name = RSocialDemo;
			productName = RSocialDemo;
			productReference = FAAFB8E716A6E6440021AB6D /* RSocialDemo.app */;
			productType = "com.apple.product-type.application";
		};
/* End PBXNativeTarget section */

/* Begin PBXProject section */
		FAAFB8DE16A6E6440021AB6D /* Project object */ = {
			isa = PBXProject;
			attributes = {
				LastUpgradeCheck = 0450;
				ORGANIZATIONNAME = "Seymour Dev";
			};
			buildConfigurationList = FAAFB8E116A6E6440021AB6D /* Build configuration list for PBXProject "RSocialDemo" */;
			compatibilityVersion = "Xcode 3.2";
			developmentRegion = English;
			hasScannedForEncodings = 0;
			knownRegions = (
				en,
			);
			mainGroup = FAAFB8DC16A6E6440021AB6D;
			productRefGroup = FAAFB8E816A6E6440021AB6D /* Products */;
			projectDirPath = "";
			projectRoot = "";
			targets = (
				FAAFB8E616A6E6440021AB6D /* RSocialDemo */,
			);
		};
/* End PBXProject section */

/* Begin PBXResourcesBuildPhase section */
		FAAFB8E516A6E6440021AB6D /* Resources */ = {
			isa = PBXResourcesBuildPhase;
			buildActionMask = 2147483647;
			files = (
				FAAFB8F616A6E6440021AB6D /* InfoPlist.strings in Resources */,
				FAAFB8FE16A6E6440021AB6D /* Default.png in Resources */,
				FAAFB90016A6E6440021AB6D /* Default@2x.png in Resources */,
				FAAFB90216A6E6440021AB6D /* Default-568h@2x.png in Resources */,
				FAAFB90816A6E6440021AB6D /* ViewController_iPhone.xib in Resources */,
				FAAFB90B16A6E6440021AB6D /* ViewController_iPad.xib in Resources */,
			);
			runOnlyForDeploymentPostprocessing = 0;
		};
/* End PBXResourcesBuildPhase section */

/* Begin PBXSourcesBuildPhase section */
		FAAFB8E316A6E6440021AB6D /* Sources */ = {
			isa = PBXSourcesBuildPhase;
			buildActionMask = 2147483647;
			files = (
				FAAFB8F816A6E6440021AB6D /* main.m in Sources */,
				FAAFB8FC16A6E6440021AB6D /* AppDelegate.m in Sources */,
				FAAFB90516A6E6440021AB6D /* ViewController.m in Sources */,
				FAAFB92416A6E7AD0021AB6D /* RSocialDoubanAuth.m in Sources */,
				FAAFB92716A6F28E0021AB6D /* RSocialAuthWebViewController.m in Sources */,
				FAAFBA1A16A7E2390021AB6D /* RSocialOAuth.m in Sources */,
				FA2E5EC616A7F519000D59D8 /* RSocialSinaWeiboAuth.m in Sources */,
				FA2E5ECD16A80590000D59D8 /* RSocialRenrenAuth.m in Sources */,
				FA64523916A84030005A4B39 /* MBProgressHUD.m in Sources */,
				FA64523E16A84040005A4B39 /* NSNumber+URLCoding.m in Sources */,
				FA64523F16A84040005A4B39 /* NSString+URLCoding.m in Sources */,
				FA64524216A8404C005A4B39 /* RHTTPRequest.m in Sources */,
				FA64524916A91D48005A4B39 /* RSocialTencentWeiboAuth.m in Sources */,
			);
			runOnlyForDeploymentPostprocessing = 0;
		};
/* End PBXSourcesBuildPhase section */

/* Begin PBXVariantGroup section */
		FAAFB8F416A6E6440021AB6D /* InfoPlist.strings */ = {
			isa = PBXVariantGroup;
			children = (
				FAAFB8F516A6E6440021AB6D /* en */,
			);
			name = InfoPlist.strings;
			sourceTree = "<group>";
		};
		FAAFB90616A6E6440021AB6D /* ViewController_iPhone.xib */ = {
			isa = PBXVariantGroup;
			children = (
				FAAFB90716A6E6440021AB6D /* en */,
			);
			name = ViewController_iPhone.xib;
			sourceTree = "<group>";
		};
		FAAFB90916A6E6440021AB6D /* ViewController_iPad.xib */ = {
			isa = PBXVariantGroup;
			children = (
				FAAFB90A16A6E6440021AB6D /* en */,
			);
			name = ViewController_iPad.xib;
			sourceTree = "<group>";
		};
/* End PBXVariantGroup section */

/* Begin XCBuildConfiguration section */
		FAAFB90C16A6E6440021AB6D /* Debug */ = {
			isa = XCBuildConfiguration;
			buildSettings = {
				ALWAYS_SEARCH_USER_PATHS = NO;
				CLANG_CXX_LANGUAGE_STANDARD = "gnu++0x";
				CLANG_CXX_LIBRARY = "libc++";
				CLANG_WARN_EMPTY_BODY = YES;
				CLANG_WARN__DUPLICATE_METHOD_MATCH = YES;
				"CODE_SIGN_IDENTITY[sdk=iphoneos*]" = "iPhone Developer";
				COPY_PHASE_STRIP = NO;
				GCC_C_LANGUAGE_STANDARD = gnu99;
				GCC_DYNAMIC_NO_PIC = NO;
				GCC_OPTIMIZATION_LEVEL = 0;
				GCC_PREPROCESSOR_DEFINITIONS = (
					"DEBUG=1",
					"$(inherited)",
				);
				GCC_SYMBOLS_PRIVATE_EXTERN = NO;
				GCC_WARN_ABOUT_RETURN_TYPE = YES;
				GCC_WARN_UNINITIALIZED_AUTOS = YES;
				GCC_WARN_UNUSED_VARIABLE = YES;
				IPHONEOS_DEPLOYMENT_TARGET = 6.0;
				ONLY_ACTIVE_ARCH = YES;
				SDKROOT = iphoneos;
				TARGETED_DEVICE_FAMILY = "1,2";
			};
			name = Debug;
		};
		FAAFB90D16A6E6440021AB6D /* Release */ = {
			isa = XCBuildConfiguration;
			buildSettings = {
				ALWAYS_SEARCH_USER_PATHS = NO;
				CLANG_CXX_LANGUAGE_STANDARD = "gnu++0x";
				CLANG_CXX_LIBRARY = "libc++";
				CLANG_WARN_EMPTY_BODY = YES;
				CLANG_WARN__DUPLICATE_METHOD_MATCH = YES;
				"CODE_SIGN_IDENTITY[sdk=iphoneos*]" = "iPhone Developer";
				COPY_PHASE_STRIP = YES;
				GCC_C_LANGUAGE_STANDARD = gnu99;
				GCC_WARN_ABOUT_RETURN_TYPE = YES;
				GCC_WARN_UNINITIALIZED_AUTOS = YES;
				GCC_WARN_UNUSED_VARIABLE = YES;
				IPHONEOS_DEPLOYMENT_TARGET = 6.0;
				OTHER_CFLAGS = "-DNS_BLOCK_ASSERTIONS=1";
				SDKROOT = iphoneos;
				TARGETED_DEVICE_FAMILY = "1,2";
				VALIDATE_PRODUCT = YES;
			};
			name = Release;
		};
		FAAFB90F16A6E6440021AB6D /* Debug */ = {
			isa = XCBuildConfiguration;
			buildSettings = {
				GCC_PRECOMPILE_PREFIX_HEADER = YES;
				GCC_PREFIX_HEADER = "RSocialDemo/RSocialDemo-Prefix.pch";
				INFOPLIST_FILE = "RSocialDemo/RSocialDemo-Info.plist";
				IPHONEOS_DEPLOYMENT_TARGET = 5.0;
				PRODUCT_NAME = "$(TARGET_NAME)";
				WRAPPER_EXTENSION = app;
			};
			name = Debug;
		};
		FAAFB91016A6E6440021AB6D /* Release */ = {
			isa = XCBuildConfiguration;
			buildSettings = {
				GCC_PRECOMPILE_PREFIX_HEADER = YES;
				GCC_PREFIX_HEADER = "RSocialDemo/RSocialDemo-Prefix.pch";
				INFOPLIST_FILE = "RSocialDemo/RSocialDemo-Info.plist";
				IPHONEOS_DEPLOYMENT_TARGET = 5.0;
				PRODUCT_NAME = "$(TARGET_NAME)";
				WRAPPER_EXTENSION = app;
			};
			name = Release;
		};
/* End XCBuildConfiguration section */

/* Begin XCConfigurationList section */
		FAAFB8E116A6E6440021AB6D /* Build configuration list for PBXProject "RSocialDemo" */ = {
			isa = XCConfigurationList;
			buildConfigurations = (
				FAAFB90C16A6E6440021AB6D /* Debug */,
				FAAFB90D16A6E6440021AB6D /* Release */,
			);
			defaultConfigurationIsVisible = 0;
			defaultConfigurationName = Release;
		};
		FAAFB90E16A6E6440021AB6D /* Build configuration list for PBXNativeTarget "RSocialDemo" */ = {
			isa = XCConfigurationList;
			buildConfigurations = (
				FAAFB90F16A6E6440021AB6D /* Debug */,
				FAAFB91016A6E6440021AB6D /* Release */,
			);
			defaultConfigurationIsVisible = 0;
			defaultConfigurationName = Release;
		};
/* End XCConfigurationList section */
	};
	rootObject = FAAFB8DE16A6E6440021AB6D /* Project object */;
}
